// !$*UTF8*$!
{
	archiveVersion = 1;
	classes = {
	};
	objectVersion = 56;
	objects = {

/* Begin PBXBuildFile section */
		03361B5C2A45704C0014C203 /* AppDelegate.swift in Sources */ = {isa = PBXBuildFile; fileRef = 03361B5B2A45704C0014C203 /* AppDelegate.swift */; };
		03361B5E2A45704C0014C203 /* SceneDelegate.swift in Sources */ = {isa = PBXBuildFile; fileRef = 03361B5D2A45704C0014C203 /* SceneDelegate.swift */; };
		03361B602A45704C0014C203 /* ViewController.swift in Sources */ = {isa = PBXBuildFile; fileRef = 03361B5F2A45704C0014C203 /* ViewController.swift */; };
		03361B652A45704D0014C203 /* Assets.xcassets in Resources */ = {isa = PBXBuildFile; fileRef = 03361B642A45704D0014C203 /* Assets.xcassets */; };
		03361B682A45704D0014C203 /* LaunchScreen.storyboard in Resources */ = {isa = PBXBuildFile; fileRef = 03361B662A45704D0014C203 /* LaunchScreen.storyboard */; };
		03361B8F2A45756E0014C203 /* View.swift in Sources */ = {isa = PBXBuildFile; fileRef = 03361B8E2A45756E0014C203 /* View.swift */; };
		03361B922A4575B30014C203 /* ViewControllerTestCase.swift in Sources */ = {isa = PBXBuildFile; fileRef = 03361B912A4575B30014C203 /* ViewControllerTestCase.swift */; };
		03361B952A45772B0014C203 /* ViewTestCase.swift in Sources */ = {isa = PBXBuildFile; fileRef = 03361B942A45772B0014C203 /* ViewTestCase.swift */; };
		03361B982A4579100014C203 /* SnapshotTesting in Frameworks */ = {isa = PBXBuildFile; productRef = 03361B972A4579100014C203 /* SnapshotTesting */; };
		03361B9B2A457A460014C203 /* UnitTestsSnapshotReferenceUITests.swift in Sources */ = {isa = PBXBuildFile; fileRef = 03361B992A457A460014C203 /* UnitTestsSnapshotReferenceUITests.swift */; };
		03361B9C2A457A460014C203 /* UnitTestsSnapshotReferenceUITestsLaunchTests.swift in Sources */ = {isa = PBXBuildFile; fileRef = 03361B9A2A457A460014C203 /* UnitTestsSnapshotReferenceUITestsLaunchTests.swift */; };
/* End PBXBuildFile section */

/* Begin PBXContainerItemProxy section */
		03361B6F2A45704D0014C203 /* PBXContainerItemProxy */ = {
			isa = PBXContainerItemProxy;
			containerPortal = 03361B502A45704C0014C203 /* Project object */;
			proxyType = 1;
			remoteGlobalIDString = 03361B572A45704C0014C203;
			remoteInfo = UnitTestsSnapshotReference;
		};
		03361B792A45704D0014C203 /* PBXContainerItemProxy */ = {
			isa = PBXContainerItemProxy;
			containerPortal = 03361B502A45704C0014C203 /* Project object */;
			proxyType = 1;
			remoteGlobalIDString = 03361B572A45704C0014C203;
			remoteInfo = UnitTestsSnapshotReference;
		};
/* End PBXContainerItemProxy section */

/* Begin PBXFileReference section */
		03361B582A45704C0014C203 /* UnitTestsSnapshotReference.app */ = {isa = PBXFileReference; explicitFileType = wrapper.application; includeInIndex = 0; path = UnitTestsSnapshotReference.app; sourceTree = BUILT_PRODUCTS_DIR; };
		03361B5B2A45704C0014C203 /* AppDelegate.swift */ = {isa = PBXFileReference; lastKnownFileType = sourcecode.swift; path = AppDelegate.swift; sourceTree = "<group>"; };
		03361B5D2A45704C0014C203 /* SceneDelegate.swift */ = {isa = PBXFileReference; lastKnownFileType = sourcecode.swift; path = SceneDelegate.swift; sourceTree = "<group>"; };
		03361B5F2A45704C0014C203 /* ViewController.swift */ = {isa = PBXFileReference; lastKnownFileType = sourcecode.swift; path = ViewController.swift; sourceTree = "<group>"; };
		03361B642A45704D0014C203 /* Assets.xcassets */ = {isa = PBXFileReference; lastKnownFileType = folder.assetcatalog; path = Assets.xcassets; sourceTree = "<group>"; };
		03361B672A45704D0014C203 /* Base */ = {isa = PBXFileReference; lastKnownFileType = file.storyboard; name = Base; path = Base.lproj/LaunchScreen.storyboard; sourceTree = "<group>"; };
		03361B692A45704D0014C203 /* Info.plist */ = {isa = PBXFileReference; lastKnownFileType = text.plist.xml; path = Info.plist; sourceTree = "<group>"; };
		03361B6E2A45704D0014C203 /* UnitTestsSnapshotReferenceTests.xctest */ = {isa = PBXFileReference; explicitFileType = wrapper.cfbundle; includeInIndex = 0; path = UnitTestsSnapshotReferenceTests.xctest; sourceTree = BUILT_PRODUCTS_DIR; };
		03361B782A45704D0014C203 /* UnitTestsSnapshotReferenceUITests.xctest */ = {isa = PBXFileReference; explicitFileType = wrapper.cfbundle; includeInIndex = 0; path = UnitTestsSnapshotReferenceUITests.xctest; sourceTree = BUILT_PRODUCTS_DIR; };
		03361B8E2A45756E0014C203 /* View.swift */ = {isa = PBXFileReference; lastKnownFileType = sourcecode.swift; path = View.swift; sourceTree = "<group>"; };
		03361B912A4575B30014C203 /* ViewControllerTestCase.swift */ = {isa = PBXFileReference; lastKnownFileType = sourcecode.swift; path = ViewControllerTestCase.swift; sourceTree = "<group>"; };
		03361B942A45772B0014C203 /* ViewTestCase.swift */ = {isa = PBXFileReference; lastKnownFileType = sourcecode.swift; path = ViewTestCase.swift; sourceTree = "<group>"; };
		03361B992A457A460014C203 /* UnitTestsSnapshotReferenceUITests.swift */ = {isa = PBXFileReference; fileEncoding = 4; lastKnownFileType = sourcecode.swift; path = UnitTestsSnapshotReferenceUITests.swift; sourceTree = "<group>"; };
		03361B9A2A457A460014C203 /* UnitTestsSnapshotReferenceUITestsLaunchTests.swift */ = {isa = PBXFileReference; fileEncoding = 4; lastKnownFileType = sourcecode.swift; path = UnitTestsSnapshotReferenceUITestsLaunchTests.swift; sourceTree = "<group>"; };
		03361B9D2A457A6D0014C203 /* UnitTestsSnapshotReferenceWithCodeCoverage.xctestplan */ = {isa = PBXFileReference; lastKnownFileType = text; path = UnitTestsSnapshotReferenceWithCodeCoverage.xctestplan; sourceTree = "<group>"; };
/* End PBXFileReference section */

/* Begin PBXFrameworksBuildPhase section */
		03361B552A45704C0014C203 /* Frameworks */ = {
			isa = PBXFrameworksBuildPhase;
			buildActionMask = 2147483647;
			files = (
			);
			runOnlyForDeploymentPostprocessing = 0;
		};
		03361B6B2A45704D0014C203 /* Frameworks */ = {
			isa = PBXFrameworksBuildPhase;
			buildActionMask = 2147483647;
			files = (
				03361B982A4579100014C203 /* SnapshotTesting in Frameworks */,
			);
			runOnlyForDeploymentPostprocessing = 0;
		};
		03361B752A45704D0014C203 /* Frameworks */ = {
			isa = PBXFrameworksBuildPhase;
			buildActionMask = 2147483647;
			files = (
			);
			runOnlyForDeploymentPostprocessing = 0;
		};
/* End PBXFrameworksBuildPhase section */

/* Begin PBXGroup section */
		03361B4F2A45704C0014C203 = {
			isa = PBXGroup;
			children = (
				03361B9D2A457A6D0014C203 /* UnitTestsSnapshotReferenceWithCodeCoverage.xctestplan */,
				03361B5A2A45704C0014C203 /* UnitTestsSnapshotReference */,
				03361B712A45704D0014C203 /* UnitTestsSnapshotReferenceTests */,
				03361B7B2A45704D0014C203 /* UnitTestsSnapshotReferenceUITests */,
				03361B592A45704C0014C203 /* Products */,
			);
			sourceTree = "<group>";
		};
		03361B592A45704C0014C203 /* Products */ = {
			isa = PBXGroup;
			children = (
				03361B582A45704C0014C203 /* UnitTestsSnapshotReference.app */,
				03361B6E2A45704D0014C203 /* UnitTestsSnapshotReferenceTests.xctest */,
				03361B782A45704D0014C203 /* UnitTestsSnapshotReferenceUITests.xctest */,
			);
			name = Products;
			sourceTree = "<group>";
		};
		03361B5A2A45704C0014C203 /* UnitTestsSnapshotReference */ = {
			isa = PBXGroup;
			children = (
				03361B8D2A45723C0014C203 /* ViewController */,
				03361B8C2A45721B0014C203 /* View */,
				03361B8B2A45717F0014C203 /* Main */,
			);
			path = UnitTestsSnapshotReference;
			sourceTree = "<group>";
		};
		03361B712A45704D0014C203 /* UnitTestsSnapshotReferenceTests */ = {
			isa = PBXGroup;
			children = (
				03361B932A4577180014C203 /* View */,
				03361B902A45759E0014C203 /* ViewController */,
			);
			path = UnitTestsSnapshotReferenceTests;
			sourceTree = "<group>";
		};
		03361B7B2A45704D0014C203 /* UnitTestsSnapshotReferenceUITests */ = {
			isa = PBXGroup;
			children = (
				03361B992A457A460014C203 /* UnitTestsSnapshotReferenceUITests.swift */,
				03361B9A2A457A460014C203 /* UnitTestsSnapshotReferenceUITestsLaunchTests.swift */,
			);
			path = UnitTestsSnapshotReferenceUITests;
			sourceTree = "<group>";
		};
		03361B8B2A45717F0014C203 /* Main */ = {
			isa = PBXGroup;
			children = (
				03361B5B2A45704C0014C203 /* AppDelegate.swift */,
				03361B5D2A45704C0014C203 /* SceneDelegate.swift */,
				03361B642A45704D0014C203 /* Assets.xcassets */,
				03361B662A45704D0014C203 /* LaunchScreen.storyboard */,
				03361B692A45704D0014C203 /* Info.plist */,
			);
			path = Main;
			sourceTree = "<group>";
		};
		03361B8C2A45721B0014C203 /* View */ = {
			isa = PBXGroup;
			children = (
				03361B8E2A45756E0014C203 /* View.swift */,
			);
			path = View;
			sourceTree = "<group>";
		};
		03361B8D2A45723C0014C203 /* ViewController */ = {
			isa = PBXGroup;
			children = (
				03361B5F2A45704C0014C203 /* ViewController.swift */,
			);
			path = ViewController;
			sourceTree = "<group>";
		};
		03361B902A45759E0014C203 /* ViewController */ = {
			isa = PBXGroup;
			children = (
				03361B912A4575B30014C203 /* ViewControllerTestCase.swift */,
			);
			path = ViewController;
			sourceTree = "<group>";
		};
		03361B932A4577180014C203 /* View */ = {
			isa = PBXGroup;
			children = (
				03361B942A45772B0014C203 /* ViewTestCase.swift */,
			);
			path = View;
			sourceTree = "<group>";
		};
/* End PBXGroup section */

/* Begin PBXNativeTarget section */
		03361B572A45704C0014C203 /* UnitTestsSnapshotReference */ = {
			isa = PBXNativeTarget;
			buildConfigurationList = 03361B822A45704D0014C203 /* Build configuration list for PBXNativeTarget "UnitTestsSnapshotReference" */;
			buildPhases = (
				03361B542A45704C0014C203 /* Sources */,
				03361B552A45704C0014C203 /* Frameworks */,
				03361B562A45704C0014C203 /* Resources */,
			);
			buildRules = (
			);
			dependencies = (
			);
			name = UnitTestsSnapshotReference;
			productName = UnitTestsSnapshotReference;
			productReference = 03361B582A45704C0014C203 /* UnitTestsSnapshotReference.app */;
			productType = "com.apple.product-type.application";
		};
		03361B6D2A45704D0014C203 /* UnitTestsSnapshotReferenceTests */ = {
			isa = PBXNativeTarget;
			buildConfigurationList = 03361B852A45704D0014C203 /* Build configuration list for PBXNativeTarget "UnitTestsSnapshotReferenceTests" */;
			buildPhases = (
				03361B6A2A45704D0014C203 /* Sources */,
				03361B6B2A45704D0014C203 /* Frameworks */,
				03361B6C2A45704D0014C203 /* Resources */,
			);
			buildRules = (
			);
			dependencies = (
				03361B702A45704D0014C203 /* PBXTargetDependency */,
			);
			name = UnitTestsSnapshotReferenceTests;
			packageProductDependencies = (
				03361B972A4579100014C203 /* SnapshotTesting */,
			);
			productName = UnitTestsSnapshotReferenceTests;
			productReference = 03361B6E2A45704D0014C203 /* UnitTestsSnapshotReferenceTests.xctest */;
			productType = "com.apple.product-type.bundle.unit-test";
		};
		03361B772A45704D0014C203 /* UnitTestsSnapshotReferenceUITests */ = {
			isa = PBXNativeTarget;
			buildConfigurationList = 03361B882A45704D0014C203 /* Build configuration list for PBXNativeTarget "UnitTestsSnapshotReferenceUITests" */;
			buildPhases = (
				03361B742A45704D0014C203 /* Sources */,
				03361B752A45704D0014C203 /* Frameworks */,
				03361B762A45704D0014C203 /* Resources */,
			);
			buildRules = (
			);
			dependencies = (
				03361B7A2A45704D0014C203 /* PBXTargetDependency */,
			);
			name = UnitTestsSnapshotReferenceUITests;
			productName = UnitTestsSnapshotReferenceUITests;
			productReference = 03361B782A45704D0014C203 /* UnitTestsSnapshotReferenceUITests.xctest */;
			productType = "com.apple.product-type.bundle.ui-testing";
		};
/* End PBXNativeTarget section */

/* Begin PBXProject section */
		03361B502A45704C0014C203 /* Project object */ = {
			isa = PBXProject;
			attributes = {
				BuildIndependentTargetsInParallel = 1;
				LastSwiftUpdateCheck = 1430;
				LastUpgradeCheck = 1430;
				TargetAttributes = {
					03361B572A45704C0014C203 = {
						CreatedOnToolsVersion = 14.3;
					};
					03361B6D2A45704D0014C203 = {
						CreatedOnToolsVersion = 14.3;
						TestTargetID = 03361B572A45704C0014C203;
					};
					03361B772A45704D0014C203 = {
						CreatedOnToolsVersion = 14.3;
						LastSwiftMigration = 1430;
						TestTargetID = 03361B572A45704C0014C203;
					};
				};
			};
			buildConfigurationList = 03361B532A45704C0014C203 /* Build configuration list for PBXProject "UnitTestsSnapshotReference" */;
			compatibilityVersion = "Xcode 14.0";
			developmentRegion = en;
			hasScannedForEncodings = 0;
			knownRegions = (
				en,
				Base,
			);
			mainGroup = 03361B4F2A45704C0014C203;
			packageReferences = (
				03361B962A4579100014C203 /* XCRemoteSwiftPackageReference "swift-snapshot-testing" */,
			);
			productRefGroup = 03361B592A45704C0014C203 /* Products */;
			projectDirPath = "";
			projectRoot = "";
			targets = (
				03361B572A45704C0014C203 /* UnitTestsSnapshotReference */,
				03361B6D2A45704D0014C203 /* UnitTestsSnapshotReferenceTests */,
				03361B772A45704D0014C203 /* UnitTestsSnapshotReferenceUITests */,
			);
		};
/* End PBXProject section */

/* Begin PBXResourcesBuildPhase section */
		03361B562A45704C0014C203 /* Resources */ = {
			isa = PBXResourcesBuildPhase;
			buildActionMask = 2147483647;
			files = (
				03361B682A45704D0014C203 /* LaunchScreen.storyboard in Resources */,
				03361B652A45704D0014C203 /* Assets.xcassets in Resources */,
			);
			runOnlyForDeploymentPostprocessing = 0;
		};
		03361B6C2A45704D0014C203 /* Resources */ = {
			isa = PBXResourcesBuildPhase;
			buildActionMask = 2147483647;
			files = (
			);
			runOnlyForDeploymentPostprocessing = 0;
		};
		03361B762A45704D0014C203 /* Resources */ = {
			isa = PBXResourcesBuildPhase;
			buildActionMask = 2147483647;
			files = (
			);
			runOnlyForDeploymentPostprocessing = 0;
		};
/* End PBXResourcesBuildPhase section */

/* Begin PBXSourcesBuildPhase section */
		03361B542A45704C0014C203 /* Sources */ = {
			isa = PBXSourcesBuildPhase;
			buildActionMask = 2147483647;
			files = (
				03361B8F2A45756E0014C203 /* View.swift in Sources */,
				03361B602A45704C0014C203 /* ViewController.swift in Sources */,
				03361B5C2A45704C0014C203 /* AppDelegate.swift in Sources */,
				03361B5E2A45704C0014C203 /* SceneDelegate.swift in Sources */,
			);
			runOnlyForDeploymentPostprocessing = 0;
		};
		03361B6A2A45704D0014C203 /* Sources */ = {
			isa = PBXSourcesBuildPhase;
			buildActionMask = 2147483647;
			files = (
				03361B952A45772B0014C203 /* ViewTestCase.swift in Sources */,
				03361B922A4575B30014C203 /* ViewControllerTestCase.swift in Sources */,
			);
			runOnlyForDeploymentPostprocessing = 0;
		};
		03361B742A45704D0014C203 /* Sources */ = {
			isa = PBXSourcesBuildPhase;
			buildActionMask = 2147483647;
			files = (
				03361B9C2A457A460014C203 /* UnitTestsSnapshotReferenceUITestsLaunchTests.swift in Sources */,
				03361B9B2A457A460014C203 /* UnitTestsSnapshotReferenceUITests.swift in Sources */,
			);
			runOnlyForDeploymentPostprocessing = 0;
		};
/* End PBXSourcesBuildPhase section */

/* Begin PBXTargetDependency section */
		03361B702A45704D0014C203 /* PBXTargetDependency */ = {
			isa = PBXTargetDependency;
			target = 03361B572A45704C0014C203 /* UnitTestsSnapshotReference */;
			targetProxy = 03361B6F2A45704D0014C203 /* PBXContainerItemProxy */;
		};
		03361B7A2A45704D0014C203 /* PBXTargetDependency */ = {
			isa = PBXTargetDependency;
			target = 03361B572A45704C0014C203 /* UnitTestsSnapshotReference */;
			targetProxy = 03361B792A45704D0014C203 /* PBXContainerItemProxy */;
		};
/* End PBXTargetDependency section */

/* Begin PBXVariantGroup section */
		03361B662A45704D0014C203 /* LaunchScreen.storyboard */ = {
			isa = PBXVariantGroup;
			children = (
				03361B672A45704D0014C203 /* Base */,
			);
			name = LaunchScreen.storyboard;
			sourceTree = "<group>";
		};
/* End PBXVariantGroup section */

/* Begin XCBuildConfiguration section */
		03361B802A45704D0014C203 /* Debug */ = {
			isa = XCBuildConfiguration;
			buildSettings = {
				ALWAYS_SEARCH_USER_PATHS = NO;
				CLANG_ANALYZER_NONNULL = YES;
				CLANG_ANALYZER_NUMBER_OBJECT_CONVERSION = YES_AGGRESSIVE;
				CLANG_CXX_LANGUAGE_STANDARD = "gnu++20";
				CLANG_ENABLE_MODULES = YES;
				CLANG_ENABLE_OBJC_ARC = YES;
				CLANG_ENABLE_OBJC_WEAK = YES;
				CLANG_WARN_BLOCK_CAPTURE_AUTORELEASING = YES;
				CLANG_WARN_BOOL_CONVERSION = YES;
				CLANG_WARN_COMMA = YES;
				CLANG_WARN_CONSTANT_CONVERSION = YES;
				CLANG_WARN_DEPRECATED_OBJC_IMPLEMENTATIONS = YES;
				CLANG_WARN_DIRECT_OBJC_ISA_USAGE = YES_ERROR;
				CLANG_WARN_DOCUMENTATION_COMMENTS = YES;
				CLANG_WARN_EMPTY_BODY = YES;
				CLANG_WARN_ENUM_CONVERSION = YES;
				CLANG_WARN_INFINITE_RECURSION = YES;
				CLANG_WARN_INT_CONVERSION = YES;
				CLANG_WARN_NON_LITERAL_NULL_CONVERSION = YES;
				CLANG_WARN_OBJC_IMPLICIT_RETAIN_SELF = YES;
				CLANG_WARN_OBJC_LITERAL_CONVERSION = YES;
				CLANG_WARN_OBJC_ROOT_CLASS = YES_ERROR;
				CLANG_WARN_QUOTED_INCLUDE_IN_FRAMEWORK_HEADER = YES;
				CLANG_WARN_RANGE_LOOP_ANALYSIS = YES;
				CLANG_WARN_STRICT_PROTOTYPES = YES;
				CLANG_WARN_SUSPICIOUS_MOVE = YES;
				CLANG_WARN_UNGUARDED_AVAILABILITY = YES_AGGRESSIVE;
				CLANG_WARN_UNREACHABLE_CODE = YES;
				CLANG_WARN__DUPLICATE_METHOD_MATCH = YES;
				COPY_PHASE_STRIP = NO;
				DEBUG_INFORMATION_FORMAT = dwarf;
				ENABLE_STRICT_OBJC_MSGSEND = YES;
				ENABLE_TESTABILITY = YES;
				GCC_C_LANGUAGE_STANDARD = gnu11;
				GCC_DYNAMIC_NO_PIC = NO;
				GCC_NO_COMMON_BLOCKS = YES;
				GCC_OPTIMIZATION_LEVEL = 0;
				GCC_PREPROCESSOR_DEFINITIONS = (
					"DEBUG=1",
					"$(inherited)",
				);
				GCC_WARN_64_TO_32_BIT_CONVERSION = YES;
				GCC_WARN_ABOUT_RETURN_TYPE = YES_ERROR;
				GCC_WARN_UNDECLARED_SELECTOR = YES;
				GCC_WARN_UNINITIALIZED_AUTOS = YES_AGGRESSIVE;
				GCC_WARN_UNUSED_FUNCTION = YES;
				GCC_WARN_UNUSED_VARIABLE = YES;
				IPHONEOS_DEPLOYMENT_TARGET = 16.4;
				MTL_ENABLE_DEBUG_INFO = INCLUDE_SOURCE;
				MTL_FAST_MATH = YES;
				ONLY_ACTIVE_ARCH = YES;
				SDKROOT = iphoneos;
				SWIFT_ACTIVE_COMPILATION_CONDITIONS = DEBUG;
				SWIFT_OPTIMIZATION_LEVEL = "-Onone";
			};
			name = Debug;
		};
		03361B812A45704D0014C203 /* Release */ = {
			isa = XCBuildConfiguration;
			buildSettings = {
				ALWAYS_SEARCH_USER_PATHS = NO;
				CLANG_ANALYZER_NONNULL = YES;
				CLANG_ANALYZER_NUMBER_OBJECT_CONVERSION = YES_AGGRESSIVE;
				CLANG_CXX_LANGUAGE_STANDARD = "gnu++20";
				CLANG_ENABLE_MODULES = YES;
				CLANG_ENABLE_OBJC_ARC = YES;
				CLANG_ENABLE_OBJC_WEAK = YES;
				CLANG_WARN_BLOCK_CAPTURE_AUTORELEASING = YES;
				CLANG_WARN_BOOL_CONVERSION = YES;
				CLANG_WARN_COMMA = YES;
				CLANG_WARN_CONSTANT_CONVERSION = YES;
				CLANG_WARN_DEPRECATED_OBJC_IMPLEMENTATIONS = YES;
				CLANG_WARN_DIRECT_OBJC_ISA_USAGE = YES_ERROR;
				CLANG_WARN_DOCUMENTATION_COMMENTS = YES;
				CLANG_WARN_EMPTY_BODY = YES;
				CLANG_WARN_ENUM_CONVERSION = YES;
				CLANG_WARN_INFINITE_RECURSION = YES;
				CLANG_WARN_INT_CONVERSION = YES;
				CLANG_WARN_NON_LITERAL_NULL_CONVERSION = YES;
				CLANG_WARN_OBJC_IMPLICIT_RETAIN_SELF = YES;
				CLANG_WARN_OBJC_LITERAL_CONVERSION = YES;
				CLANG_WARN_OBJC_ROOT_CLASS = YES_ERROR;
				CLANG_WARN_QUOTED_INCLUDE_IN_FRAMEWORK_HEADER = YES;
				CLANG_WARN_RANGE_LOOP_ANALYSIS = YES;
				CLANG_WARN_STRICT_PROTOTYPES = YES;
				CLANG_WARN_SUSPICIOUS_MOVE = YES;
				CLANG_WARN_UNGUARDED_AVAILABILITY = YES_AGGRESSIVE;
				CLANG_WARN_UNREACHABLE_CODE = YES;
				CLANG_WARN__DUPLICATE_METHOD_MATCH = YES;
				COPY_PHASE_STRIP = NO;
				DEBUG_INFORMATION_FORMAT = "dwarf-with-dsym";
				ENABLE_NS_ASSERTIONS = NO;
				ENABLE_STRICT_OBJC_MSGSEND = YES;
				GCC_C_LANGUAGE_STANDARD = gnu11;
				GCC_NO_COMMON_BLOCKS = YES;
				GCC_WARN_64_TO_32_BIT_CONVERSION = YES;
				GCC_WARN_ABOUT_RETURN_TYPE = YES_ERROR;
				GCC_WARN_UNDECLARED_SELECTOR = YES;
				GCC_WARN_UNINITIALIZED_AUTOS = YES_AGGRESSIVE;
				GCC_WARN_UNUSED_FUNCTION = YES;
				GCC_WARN_UNUSED_VARIABLE = YES;
				IPHONEOS_DEPLOYMENT_TARGET = 16.4;
				MTL_ENABLE_DEBUG_INFO = NO;
				MTL_FAST_MATH = YES;
				SDKROOT = iphoneos;
				SWIFT_COMPILATION_MODE = wholemodule;
				SWIFT_OPTIMIZATION_LEVEL = "-O";
				VALIDATE_PRODUCT = YES;
			};
			name = Release;
		};
		03361B832A45704D0014C203 /* Debug */ = {
			isa = XCBuildConfiguration;
			buildSettings = {
				ASSETCATALOG_COMPILER_APPICON_NAME = AppIcon;
				ASSETCATALOG_COMPILER_GLOBAL_ACCENT_COLOR_NAME = AccentColor;
				CODE_SIGN_STYLE = Automatic;
				CURRENT_PROJECT_VERSION = 1;
				DEVELOPMENT_TEAM = BJ5UN34WMM;
				GENERATE_INFOPLIST_FILE = YES;
				INFOPLIST_FILE = UnitTestsSnapshotReference/Main/Info.plist;
				INFOPLIST_KEY_UIApplicationSupportsIndirectInputEvents = YES;
				INFOPLIST_KEY_UILaunchStoryboardName = "";
				INFOPLIST_KEY_UISupportedInterfaceOrientations_iPad = "UIInterfaceOrientationPortrait UIInterfaceOrientationPortraitUpsideDown UIInterfaceOrientationLandscapeLeft UIInterfaceOrientationLandscapeRight";
				INFOPLIST_KEY_UISupportedInterfaceOrientations_iPhone = "UIInterfaceOrientationPortrait UIInterfaceOrientationLandscapeLeft UIInterfaceOrientationLandscapeRight";
				LD_RUNPATH_SEARCH_PATHS = (
					"$(inherited)",
					"@executable_path/Frameworks",
				);
				MARKETING_VERSION = 1.0;
				PRODUCT_BUNDLE_IDENTIFIER = gustavo.unit.tests.examples.UnitTestsSnapshotReference;
				PRODUCT_NAME = "$(TARGET_NAME)";
				SWIFT_EMIT_LOC_STRINGS = YES;
				SWIFT_VERSION = 5.0;
				TARGETED_DEVICE_FAMILY = "1,2";
			};
			name = Debug;
		};
		03361B842A45704D0014C203 /* Release */ = {
			isa = XCBuildConfiguration;
			buildSettings = {
				ASSETCATALOG_COMPILER_APPICON_NAME = AppIcon;
				ASSETCATALOG_COMPILER_GLOBAL_ACCENT_COLOR_NAME = AccentColor;
				CODE_SIGN_STYLE = Automatic;
				CURRENT_PROJECT_VERSION = 1;
				DEVELOPMENT_TEAM = BJ5UN34WMM;
				GENERATE_INFOPLIST_FILE = YES;
				INFOPLIST_FILE = UnitTestsSnapshotReference/Main/Info.plist;
				INFOPLIST_KEY_UIApplicationSupportsIndirectInputEvents = YES;
				INFOPLIST_KEY_UILaunchStoryboardName = "";
				INFOPLIST_KEY_UISupportedInterfaceOrientations_iPad = "UIInterfaceOrientationPortrait UIInterfaceOrientationPortraitUpsideDown UIInterfaceOrientationLandscapeLeft UIInterfaceOrientationLandscapeRight";
				INFOPLIST_KEY_UISupportedInterfaceOrientations_iPhone = "UIInterfaceOrientationPortrait UIInterfaceOrientationLandscapeLeft UIInterfaceOrientationLandscapeRight";
				LD_RUNPATH_SEARCH_PATHS = (
					"$(inherited)",
					"@executable_path/Frameworks",
				);
				MARKETING_VERSION = 1.0;
				PRODUCT_BUNDLE_IDENTIFIER = gustavo.unit.tests.examples.UnitTestsSnapshotReference;
				PRODUCT_NAME = "$(TARGET_NAME)";
				SWIFT_EMIT_LOC_STRINGS = YES;
				SWIFT_VERSION = 5.0;
				TARGETED_DEVICE_FAMILY = "1,2";
			};
			name = Release;
		};
		03361B862A45704D0014C203 /* Debug */ = {
			isa = XCBuildConfiguration;
			buildSettings = {
				ALWAYS_EMBED_SWIFT_STANDARD_LIBRARIES = YES;
				BUNDLE_LOADER = "$(TEST_HOST)";
				CODE_SIGN_STYLE = Automatic;
				CURRENT_PROJECT_VERSION = 1;
				DEVELOPMENT_TEAM = BJ5UN34WMM;
				GENERATE_INFOPLIST_FILE = YES;
				IPHONEOS_DEPLOYMENT_TARGET = 16.4;
				MARKETING_VERSION = 1.0;
				PRODUCT_BUNDLE_IDENTIFIER = gustavo.unit.tests.examples.UnitTestsSnapshotReferenceTests;
				PRODUCT_NAME = "$(TARGET_NAME)";
				SWIFT_EMIT_LOC_STRINGS = NO;
				SWIFT_VERSION = 5.0;
				TARGETED_DEVICE_FAMILY = "1,2";
				TEST_HOST = "$(BUILT_PRODUCTS_DIR)/UnitTestsSnapshotReference.app/$(BUNDLE_EXECUTABLE_FOLDER_PATH)/UnitTestsSnapshotReference";
			};
			name = Debug;
		};
		03361B872A45704D0014C203 /* Release */ = {
			isa = XCBuildConfiguration;
			buildSettings = {
				ALWAYS_EMBED_SWIFT_STANDARD_LIBRARIES = YES;
				BUNDLE_LOADER = "$(TEST_HOST)";
				CODE_SIGN_STYLE = Automatic;
				CURRENT_PROJECT_VERSION = 1;
				DEVELOPMENT_TEAM = BJ5UN34WMM;
				GENERATE_INFOPLIST_FILE = YES;
				IPHONEOS_DEPLOYMENT_TARGET = 16.4;
				MARKETING_VERSION = 1.0;
				PRODUCT_BUNDLE_IDENTIFIER = gustavo.unit.tests.examples.UnitTestsSnapshotReferenceTests;
				PRODUCT_NAME = "$(TARGET_NAME)";
				SWIFT_EMIT_LOC_STRINGS = NO;
				SWIFT_VERSION = 5.0;
				TARGETED_DEVICE_FAMILY = "1,2";
				TEST_HOST = "$(BUILT_PRODUCTS_DIR)/UnitTestsSnapshotReference.app/$(BUNDLE_EXECUTABLE_FOLDER_PATH)/UnitTestsSnapshotReference";
			};
			name = Release;
		};
		03361B892A45704D0014C203 /* Debug */ = {
			isa = XCBuildConfiguration;
			buildSettings = {
				ALWAYS_EMBED_SWIFT_STANDARD_LIBRARIES = YES;
				CLANG_ENABLE_MODULES = YES;
				CODE_SIGN_STYLE = Automatic;
				CURRENT_PROJECT_VERSION = 1;
				DEVELOPMENT_TEAM = BJ5UN34WMM;
				GENERATE_INFOPLIST_FILE = YES;
				MARKETING_VERSION = 1.0;
				PRODUCT_BUNDLE_IDENTIFIER = gustavo.unit.tests.examples.UnitTestsSnapshotReferenceUITests;
				PRODUCT_NAME = "$(TARGET_NAME)";
				SWIFT_EMIT_LOC_STRINGS = NO;
				SWIFT_OPTIMIZATION_LEVEL = "-Onone";
				SWIFT_VERSION = 5.0;
				TARGETED_DEVICE_FAMILY = "1,2";
				TEST_TARGET_NAME = UnitTestsSnapshotReference;
			};
			name = Debug;
		};
		03361B8A2A45704D0014C203 /* Release */ = {
			isa = XCBuildConfiguration;
			buildSettings = {
				ALWAYS_EMBED_SWIFT_STANDARD_LIBRARIES = YES;
				CLANG_ENABLE_MODULES = YES;
				CODE_SIGN_STYLE = Automatic;
				CURRENT_PROJECT_VERSION = 1;
				DEVELOPMENT_TEAM = BJ5UN34WMM;
				GENERATE_INFOPLIST_FILE = YES;
				MARKETING_VERSION = 1.0;
				PRODUCT_BUNDLE_IDENTIFIER = gustavo.unit.tests.examples.UnitTestsSnapshotReferenceUITests;
				PRODUCT_NAME = "$(TARGET_NAME)";
				SWIFT_EMIT_LOC_STRINGS = NO;
				SWIFT_VERSION = 5.0;
				TARGETED_DEVICE_FAMILY = "1,2";
				TEST_TARGET_NAME = UnitTestsSnapshotReference;
			};
			name = Release;
		};
/* End XCBuildConfiguration section */

/* Begin XCConfigurationList section */
		03361B532A45704C0014C203 /* Build configuration list for PBXProject "UnitTestsSnapshotReference" */ = {
			isa = XCConfigurationList;
			buildConfigurations = (
				03361B802A45704D0014C203 /* Debug */,
				03361B812A45704D0014C203 /* Release */,
			);
			defaultConfigurationIsVisible = 0;
			defaultConfigurationName = Release;
		};
		03361B822A45704D0014C203 /* Build configuration list for PBXNativeTarget "UnitTestsSnapshotReference" */ = {
			isa = XCConfigurationList;
			buildConfigurations = (
				03361B832A45704D0014C203 /* Debug */,
				03361B842A45704D0014C203 /* Release */,
			);
			defaultConfigurationIsVisible = 0;
			defaultConfigurationName = Release;
		};
		03361B852A45704D0014C203 /* Build configuration list for PBXNativeTarget "UnitTestsSnapshotReferenceTests" */ = {
			isa = XCConfigurationList;
			buildConfigurations = (
				03361B862A45704D0014C203 /* Debug */,
				03361B872A45704D0014C203 /* Release */,
			);
			defaultConfigurationIsVisible = 0;
			defaultConfigurationName = Release;
		};
		03361B882A45704D0014C203 /* Build configuration list for PBXNativeTarget "UnitTestsSnapshotReferenceUITests" */ = {
			isa = XCConfigurationList;
			buildConfigurations = (
				03361B892A45704D0014C203 /* Debug */,
				03361B8A2A45704D0014C203 /* Release */,
			);
			defaultConfigurationIsVisible = 0;
			defaultConfigurationName = Release;
		};
/* End XCConfigurationList section */

/* Begin XCRemoteSwiftPackageReference section */
		03361B962A4579100014C203 /* XCRemoteSwiftPackageReference "swift-snapshot-testing" */ = {
			isa = XCRemoteSwiftPackageReference;
			repositoryURL = "https://github.com/pointfreeco/swift-snapshot-testing.git";
			requirement = {
				kind = upToNextMajorVersion;
				minimumVersion = 1.0.0;
			};
		};
/* End XCRemoteSwiftPackageReference section */

/* Begin XCSwiftPackageProductDependency section */
		03361B972A4579100014C203 /* SnapshotTesting */ = {
			isa = XCSwiftPackageProductDependency;
			package = 03361B962A4579100014C203 /* XCRemoteSwiftPackageReference "swift-snapshot-testing" */;
			productName = SnapshotTesting;
		};
/* End XCSwiftPackageProductDependency section */
	};
	rootObject = 03361B502A45704C0014C203 /* Project object */;
}
